
Microsoft Visual Studio Solution File, Format Version 12.00
# Visual Studio Version 16
VisualStudioVersion = 16.0.31624.102
MinimumVisualStudioVersion = 10.0.40219.1
Project("{FAE04EC0-301F-11D3-BF4B-00C04F79EFBC}") = "Vava", "Vava.csproj", "{5DF86A80-0330-4532-A33C-1A000990C241}"
EndProject
Global
	GlobalSection(SolutionConfigurationPlatforms) = preSolution
		Debug|Any CPU = Debug|Any CPU
		Release|Any CPU = Release|Any CPU
	EndGlobalSection
	GlobalSection(ProjectConfigurationPlatforms) = postSolution
		{5DF86A80-0330-4532-A33C-1A000990C241}.Debug|Any CPU.ActiveCfg = Debug|Any CPU
		{5DF86A80-0330-4532-A33C-1A000990C241}.Debug|Any CPU.Build.0 = Debug|Any CPU
		{5DF86A80-0330-4532-A33C-1A000990C241}.Release|Any CPU.ActiveCfg = Release|Any CPU
		{5DF86A80-0330-4532-A33C-1A000990C241}.Release|Any CPU.Build.0 = Release|Any CPU
	EndGlobalSection
	GlobalSection(SolutionProperties) = preSolution
		HideSolutionNode = FALSE
	EndGlobalSection
	GlobalSection(ExtensibilityGlobals) = postSolution
		SolutionGuid = {AEDE553C-725C-4231-A97B-905D8AE66806}
	EndGlobalSection
EndGlobal
